
Microsoft Visual Studio Solution File, Format Version 12.00
# Visual Studio Version 17
VisualStudioVersion = 17.5.2.0
MinimumVisualStudioVersion = 10.0.40219.1
Project("{2150E333-8FDC-42A3-9474-1A3956D46DE8}") = "src", "src", "{827E0CD3-B72D-47B6-A68D-7590B98EB39B}"
EndProject
Project("{2150E333-8FDC-42A3-9474-1A3956D46DE8}") = "learn-topic-wise", "learn-topic-wise", "{782217D1-5B27-0ABC-4375-945DFAEB9A2D}"
EndProject
Project("{2150E333-8FDC-42A3-9474-1A3956D46DE8}") = "02-sliding-window", "02-sliding-window", "{D2F218FE-D802-8A7D-F530-BC436443F384}"
EndProject
Project("{FAE04EC0-301F-11D3-BF4B-00C04F79EFBC}") = "sliding-window", "src\learn-topic-wise\02-sliding-window\sliding-window.csproj", "{24AF5B39-F01A-E397-41B4-826F838F949B}"
EndProject
Project("{2150E333-8FDC-42A3-9474-1A3956D46DE8}") = "07-linked-List", "07-linked-List", "{35F58F71-AF67-07A9-7570-618EAD85D2C8}"
EndProject
Project("{FAE04EC0-301F-11D3-BF4B-00C04F79EFBC}") = "linked-list", "src\learn-topic-wise\07-linked-List\linked-list.csproj", "{F232B7DF-B684-4128-AE7D-224DFE5AEDA0}"
EndProject
Global
	GlobalSection(SolutionConfigurationPlatforms) = preSolution
		Debug|Any CPU = Debug|Any CPU
		Debug|x64 = Debug|x64
		Debug|x86 = Debug|x86
		Release|Any CPU = Release|Any CPU
		Release|x64 = Release|x64
		Release|x86 = Release|x86
	EndGlobalSection
	GlobalSection(ProjectConfigurationPlatforms) = postSolution
		{24AF5B39-F01A-E397-41B4-826F838F949B}.Debug|Any CPU.ActiveCfg = Debug|Any CPU
		{24AF5B39-F01A-E397-41B4-826F838F949B}.Debug|Any CPU.Build.0 = Debug|Any CPU
		{24AF5B39-F01A-E397-41B4-826F838F949B}.Debug|x64.ActiveCfg = Debug|Any CPU
		{24AF5B39-F01A-E397-41B4-826F838F949B}.Debug|x64.Build.0 = Debug|Any CPU
		{24AF5B39-F01A-E397-41B4-826F838F949B}.Debug|x86.ActiveCfg = Debug|Any CPU
		{24AF5B39-F01A-E397-41B4-826F838F949B}.Debug|x86.Build.0 = Debug|Any CPU
		{24AF5B39-F01A-E397-41B4-826F838F949B}.Release|Any CPU.ActiveCfg = Release|Any CPU
		{24AF5B39-F01A-E397-41B4-826F838F949B}.Release|Any CPU.Build.0 = Release|Any CPU
		{24AF5B39-F01A-E397-41B4-826F838F949B}.Release|x64.ActiveCfg = Release|Any CPU
		{24AF5B39-F01A-E397-41B4-826F838F949B}.Release|x64.Build.0 = Release|Any CPU
		{24AF5B39-F01A-E397-41B4-826F838F949B}.Release|x86.ActiveCfg = Release|Any CPU
		{24AF5B39-F01A-E397-41B4-826F838F949B}.Release|x86.Build.0 = Release|Any CPU
		{F232B7DF-B684-4128-AE7D-224DFE5AEDA0}.Debug|Any CPU.ActiveCfg = Debug|Any CPU
		{F232B7DF-B684-4128-AE7D-224DFE5AEDA0}.Debug|Any CPU.Build.0 = Debug|Any CPU
		{F232B7DF-B684-4128-AE7D-224DFE5AEDA0}.Debug|x64.ActiveCfg = Debug|Any CPU
		{F232B7DF-B684-4128-AE7D-224DFE5AEDA0}.Debug|x64.Build.0 = Debug|Any CPU
		{F232B7DF-B684-4128-AE7D-224DFE5AEDA0}.Debug|x86.ActiveCfg = Debug|Any CPU
		{F232B7DF-B684-4128-AE7D-224DFE5AEDA0}.Debug|x86.Build.0 = Debug|Any CPU
		{F232B7DF-B684-4128-AE7D-224DFE5AEDA0}.Release|Any CPU.ActiveCfg = Release|Any CPU
		{F232B7DF-B684-4128-AE7D-224DFE5AEDA0}.Release|Any CPU.Build.0 = Release|Any CPU
		{F232B7DF-B684-4128-AE7D-224DFE5AEDA0}.Release|x64.ActiveCfg = Release|Any CPU
		{F232B7DF-B684-4128-AE7D-224DFE5AEDA0}.Release|x64.Build.0 = Release|Any CPU
		{F232B7DF-B684-4128-AE7D-224DFE5AEDA0}.Release|x86.ActiveCfg = Release|Any CPU
		{F232B7DF-B684-4128-AE7D-224DFE5AEDA0}.Release|x86.Build.0 = Release|Any CPU
	EndGlobalSection
	GlobalSection(SolutionProperties) = preSolution
		HideSolutionNode = FALSE
	EndGlobalSection
	GlobalSection(NestedProjects) = preSolution
		{782217D1-5B27-0ABC-4375-945DFAEB9A2D} = {827E0CD3-B72D-47B6-A68D-7590B98EB39B}
		{D2F218FE-D802-8A7D-F530-BC436443F384} = {782217D1-5B27-0ABC-4375-945DFAEB9A2D}
		{24AF5B39-F01A-E397-41B4-826F838F949B} = {D2F218FE-D802-8A7D-F530-BC436443F384}
		{35F58F71-AF67-07A9-7570-618EAD85D2C8} = {782217D1-5B27-0ABC-4375-945DFAEB9A2D}
		{F232B7DF-B684-4128-AE7D-224DFE5AEDA0} = {35F58F71-AF67-07A9-7570-618EAD85D2C8}
	EndGlobalSection
	GlobalSection(ExtensibilityGlobals) = postSolution
		SolutionGuid = {01B85CFB-333E-4CB8-A6DA-66081E407D8D}
	EndGlobalSection
EndGlobal
